
Microsoft Visual Studio Solution File, Format Version 12.00
# Visual Studio Version 17
VisualStudioVersion = 17.5.002.0
MinimumVisualStudioVersion = 10.0.40219.1
Project("{9A19103F-16F7-4668-BE54-9A1E7A4F7556}") = "store-backend", "store-backend.csproj", "{2E2E925A-4B95-4D02-A2A7-4A3F554ACC27}"
EndProject
Global
	GlobalSection(SolutionConfigurationPlatforms) = preSolution
		Debug|Any CPU = Debug|Any CPU
		Release|Any CPU = Release|Any CPU
	EndGlobalSection
	GlobalSection(ProjectConfigurationPlatforms) = postSolution
		{2E2E925A-4B95-4D02-A2A7-4A3F554ACC27}.Debug|Any CPU.ActiveCfg = Debug|Any CPU
		{2E2E925A-4B95-4D02-A2A7-4A3F554ACC27}.Debug|Any CPU.Build.0 = Debug|Any CPU
		{2E2E925A-4B95-4D02-A2A7-4A3F554ACC27}.Release|Any CPU.ActiveCfg = Release|Any CPU
		{2E2E925A-4B95-4D02-A2A7-4A3F554ACC27}.Release|Any CPU.Build.0 = Release|Any CPU
	EndGlobalSection
	GlobalSection(SolutionProperties) = preSolution
		HideSolutionNode = FALSE
	EndGlobalSection
	GlobalSection(ExtensibilityGlobals) = postSolution
		SolutionGuid = {271ACE6F-AB86-412C-A14D-07B59473B725}
	EndGlobalSection
EndGlobal
